// !$*UTF8*$!
{
	archiveVersion = 1;
	classes = {
	};
	objectVersion = 46;
	objects = {

/* Begin PBXBuildFile section */
		6A6FF60C1AF8B15B00CD00B9 /* FSClientBase.cpp in Sources */ = {isa = PBXBuildFile; fileRef = 6A6FF60A1AF8B15B00CD00B9 /* FSClientBase.cpp */; };
		6A6FF60F1AF8B30B00CD00B9 /* FSObject.cpp in Sources */ = {isa = PBXBuildFile; fileRef = 6A6FF60D1AF8B30B00CD00B9 /* FSObject.cpp */; };
		6A6FF6121AF8CCB500CD00B9 /* FSChannel.cpp in Sources */ = {isa = PBXBuildFile; fileRef = 6A6FF6101AF8CCB500CD00B9 /* FSChannel.cpp */; };
		6A6FF6151AF8D0B200CD00B9 /* FSPack.cpp in Sources */ = {isa = PBXBuildFile; fileRef = 6A6FF6131AF8D0B200CD00B9 /* FSPack.cpp */; };
		6A6FF6181AF8DC0800CD00B9 /* FSClientImpl.cpp in Sources */ = {isa = PBXBuildFile; fileRef = 6A6FF6161AF8DC0800CD00B9 /* FSClientImpl.cpp */; };
		6A6FF61B1AF8DEE600CD00B9 /* FSChannelFactory.cpp in Sources */ = {isa = PBXBuildFile; fileRef = 6A6FF6191AF8DEE600CD00B9 /* FSChannelFactory.cpp */; };
		6A6FF61F1AF8E35100CD00B9 /* LoginChannel.cpp in Sources */ = {isa = PBXBuildFile; fileRef = 6A6FF61D1AF8E35100CD00B9 /* LoginChannel.cpp */; };
		6ABDA31F1A4705B8005AAB60 /* main.m in Sources */ = {isa = PBXBuildFile; fileRef = 6ABDA31E1A4705B8005AAB60 /* main.m */; };
		6ABDA3221A4705B8005AAB60 /* AppDelegate.m in Sources */ = {isa = PBXBuildFile; fileRef = 6ABDA3211A4705B8005AAB60 /* AppDelegate.m */; };
		6ABDA3251A4705B8005AAB60 /* ViewController.mm in Sources */ = {isa = PBXBuildFile; fileRef = 6ABDA3241A4705B8005AAB60 /* ViewController.mm */; };
		6ABDA3281A4705B8005AAB60 /* Main.storyboard in Resources */ = {isa = PBXBuildFile; fileRef = 6ABDA3261A4705B8005AAB60 /* Main.storyboard */; };
		6ABDA32A1A4705B8005AAB60 /* Images.xcassets in Resources */ = {isa = PBXBuildFile; fileRef = 6ABDA3291A4705B8005AAB60 /* Images.xcassets */; };
		6ABDA32D1A4705B8005AAB60 /* LaunchScreen.xib in Resources */ = {isa = PBXBuildFile; fileRef = 6ABDA32B1A4705B8005AAB60 /* LaunchScreen.xib */; };
		6ABDA3391A4705B8005AAB60 /* fsnet_clientTests.m in Sources */ = {isa = PBXBuildFile; fileRef = 6ABDA3381A4705B8005AAB60 /* fsnet_clientTests.m */; };
		6AE92A991AF9E6D6009F6CEC /* fs_malloc.c in Sources */ = {isa = PBXBuildFile; fileRef = 6AE92A951AF9E6D6009F6CEC /* fs_malloc.c */; };
		6AE92A9A1AF9E6D6009F6CEC /* fs_stream.c in Sources */ = {isa = PBXBuildFile; fileRef = 6AE92A971AF9E6D6009F6CEC /* fs_stream.c */; };
		6AEF43451AF91657003AF532 /* FSParams.cpp in Sources */ = {isa = PBXBuildFile; fileRef = 6AEF43431AF91657003AF532 /* FSParams.cpp */; };
		6AEF43481AF91668003AF532 /* FSMethod.cpp in Sources */ = {isa = PBXBuildFile; fileRef = 6AEF43461AF91668003AF532 /* FSMethod.cpp */; };
/* End PBXBuildFile section */

/* Begin PBXContainerItemProxy section */
		6ABDA3331A4705B8005AAB60 /* PBXContainerItemProxy */ = {
			isa = PBXContainerItemProxy;
			containerPortal = 6ABDA3111A4705B8005AAB60 /* Project object */;
			proxyType = 1;
			remoteGlobalIDString = 6ABDA3181A4705B8005AAB60;
			remoteInfo = fsnet_client;
		};
/* End PBXContainerItemProxy section */

/* Begin PBXFileReference section */
		6A6FF60A1AF8B15B00CD00B9 /* FSClientBase.cpp */ = {isa = PBXFileReference; fileEncoding = 4; lastKnownFileType = sourcecode.cpp.cpp; path = FSClientBase.cpp; sourceTree = "<group>"; };
		6A6FF60B1AF8B15B00CD00B9 /* FSClientBase.h */ = {isa = PBXFileReference; fileEncoding = 4; lastKnownFileType = sourcecode.c.h; path = FSClientBase.h; sourceTree = "<group>"; };
		6A6FF60D1AF8B30B00CD00B9 /* FSObject.cpp */ = {isa = PBXFileReference; fileEncoding = 4; lastKnownFileType = sourcecode.cpp.cpp; path = FSObject.cpp; sourceTree = "<group>"; };
		6A6FF60E1AF8B30B00CD00B9 /* FSObject.h */ = {isa = PBXFileReference; fileEncoding = 4; lastKnownFileType = sourcecode.c.h; path = FSObject.h; sourceTree = "<group>"; };
		6A6FF6101AF8CCB500CD00B9 /* FSChannel.cpp */ = {isa = PBXFileReference; fileEncoding = 4; lastKnownFileType = sourcecode.cpp.cpp; path = FSChannel.cpp; sourceTree = "<group>"; };
		6A6FF6111AF8CCB500CD00B9 /* FSChannel.h */ = {isa = PBXFileReference; fileEncoding = 4; lastKnownFileType = sourcecode.c.h; path = FSChannel.h; sourceTree = "<group>"; };
		6A6FF6131AF8D0B200CD00B9 /* FSPack.cpp */ = {isa = PBXFileReference; fileEncoding = 4; lastKnownFileType = sourcecode.cpp.cpp; path = FSPack.cpp; sourceTree = "<group>"; };
		6A6FF6141AF8D0B200CD00B9 /* FSPack.h */ = {isa = PBXFileReference; fileEncoding = 4; lastKnownFileType = sourcecode.c.h; path = FSPack.h; sourceTree = "<group>"; };
		6A6FF6161AF8DC0800CD00B9 /* FSClientImpl.cpp */ = {isa = PBXFileReference; fileEncoding = 4; lastKnownFileType = sourcecode.cpp.cpp; path = FSClientImpl.cpp; sourceTree = "<group>"; };
		6A6FF6171AF8DC0800CD00B9 /* FSClientImpl.h */ = {isa = PBXFileReference; fileEncoding = 4; lastKnownFileType = sourcecode.c.h; path = FSClientImpl.h; sourceTree = "<group>"; };
		6A6FF6191AF8DEE600CD00B9 /* FSChannelFactory.cpp */ = {isa = PBXFileReference; fileEncoding = 4; lastKnownFileType = sourcecode.cpp.cpp; path = FSChannelFactory.cpp; sourceTree = "<group>"; };
		6A6FF61A1AF8DEE600CD00B9 /* FSChannelFactory.h */ = {isa = PBXFileReference; fileEncoding = 4; lastKnownFileType = sourcecode.c.h; path = FSChannelFactory.h; sourceTree = "<group>"; };
		6A6FF61D1AF8E35100CD00B9 /* LoginChannel.cpp */ = {isa = PBXFileReference; fileEncoding = 4; lastKnownFileType = sourcecode.cpp.cpp; name = LoginChannel.cpp; path = Channels/LoginChannel.cpp; sourceTree = "<group>"; };
		6A6FF61E1AF8E35100CD00B9 /* LoginChannel.h */ = {isa = PBXFileReference; fileEncoding = 4; lastKnownFileType = sourcecode.c.h; name = LoginChannel.h; path = Channels/LoginChannel.h; sourceTree = "<group>"; };
		6ABDA3191A4705B8005AAB60 /* fsnet_client.app */ = {isa = PBXFileReference; explicitFileType = wrapper.application; includeInIndex = 0; path = fsnet_client.app; sourceTree = BUILT_PRODUCTS_DIR; };
		6ABDA31D1A4705B8005AAB60 /* Info.plist */ = {isa = PBXFileReference; lastKnownFileType = text.plist.xml; path = Info.plist; sourceTree = "<group>"; };
		6ABDA31E1A4705B8005AAB60 /* main.m */ = {isa = PBXFileReference; lastKnownFileType = sourcecode.c.objc; path = main.m; sourceTree = "<group>"; };
		6ABDA3201A4705B8005AAB60 /* AppDelegate.h */ = {isa = PBXFileReference; lastKnownFileType = sourcecode.c.h; path = AppDelegate.h; sourceTree = "<group>"; };
		6ABDA3211A4705B8005AAB60 /* AppDelegate.m */ = {isa = PBXFileReference; lastKnownFileType = sourcecode.c.objc; path = AppDelegate.m; sourceTree = "<group>"; };
		6ABDA3231A4705B8005AAB60 /* ViewController.h */ = {isa = PBXFileReference; lastKnownFileType = sourcecode.c.h; path = ViewController.h; sourceTree = "<group>"; };
		6ABDA3241A4705B8005AAB60 /* ViewController.mm */ = {isa = PBXFileReference; lastKnownFileType = sourcecode.cpp.objcpp; path = ViewController.mm; sourceTree = "<group>"; };
		6ABDA3271A4705B8005AAB60 /* Base */ = {isa = PBXFileReference; lastKnownFileType = file.storyboard; name = Base; path = Base.lproj/Main.storyboard; sourceTree = "<group>"; };
		6ABDA3291A4705B8005AAB60 /* Images.xcassets */ = {isa = PBXFileReference; lastKnownFileType = folder.assetcatalog; path = Images.xcassets; sourceTree = "<group>"; };
		6ABDA32C1A4705B8005AAB60 /* Base */ = {isa = PBXFileReference; lastKnownFileType = file.xib; name = Base; path = Base.lproj/LaunchScreen.xib; sourceTree = "<group>"; };
		6ABDA3321A4705B8005AAB60 /* fsnet_clientTests.xctest */ = {isa = PBXFileReference; explicitFileType = wrapper.cfbundle; includeInIndex = 0; path = fsnet_clientTests.xctest; sourceTree = BUILT_PRODUCTS_DIR; };
		6ABDA3371A4705B8005AAB60 /* Info.plist */ = {isa = PBXFileReference; lastKnownFileType = text.plist.xml; path = Info.plist; sourceTree = "<group>"; };
		6ABDA3381A4705B8005AAB60 /* fsnet_clientTests.m */ = {isa = PBXFileReference; lastKnownFileType = sourcecode.c.objc; path = fsnet_clientTests.m; sourceTree = "<group>"; };
		6AE92A941AF9E6D6009F6CEC /* fs_define.h */ = {isa = PBXFileReference; fileEncoding = 4; lastKnownFileType = sourcecode.c.h; path = fs_define.h; sourceTree = "<group>"; };
		6AE92A951AF9E6D6009F6CEC /* fs_malloc.c */ = {isa = PBXFileReference; fileEncoding = 4; lastKnownFileType = sourcecode.c.c; path = fs_malloc.c; sourceTree = "<group>"; };
		6AE92A961AF9E6D6009F6CEC /* fs_malloc.h */ = {isa = PBXFileReference; fileEncoding = 4; lastKnownFileType = sourcecode.c.h; path = fs_malloc.h; sourceTree = "<group>"; };
		6AE92A971AF9E6D6009F6CEC /* fs_stream.c */ = {isa = PBXFileReference; fileEncoding = 4; lastKnownFileType = sourcecode.c.c; path = fs_stream.c; sourceTree = "<group>"; };
		6AE92A981AF9E6D6009F6CEC /* fs_stream.h */ = {isa = PBXFileReference; fileEncoding = 4; lastKnownFileType = sourcecode.c.h; path = fs_stream.h; sourceTree = "<group>"; };
		6AEF43431AF91657003AF532 /* FSParams.cpp */ = {isa = PBXFileReference; fileEncoding = 4; lastKnownFileType = sourcecode.cpp.cpp; path = FSParams.cpp; sourceTree = "<group>"; };
		6AEF43441AF91657003AF532 /* FSParams.h */ = {isa = PBXFileReference; fileEncoding = 4; lastKnownFileType = sourcecode.c.h; path = FSParams.h; sourceTree = "<group>"; };
		6AEF43461AF91668003AF532 /* FSMethod.cpp */ = {isa = PBXFileReference; fileEncoding = 4; lastKnownFileType = sourcecode.cpp.cpp; path = FSMethod.cpp; sourceTree = "<group>"; };
		6AEF43471AF91668003AF532 /* FSMethod.h */ = {isa = PBXFileReference; fileEncoding = 4; lastKnownFileType = sourcecode.c.h; path = FSMethod.h; sourceTree = "<group>"; };
/* End PBXFileReference section */

/* Begin PBXFrameworksBuildPhase section */
		6ABDA3161A4705B8005AAB60 /* Frameworks */ = {
			isa = PBXFrameworksBuildPhase;
			buildActionMask = 2147483647;
			files = (
			);
			runOnlyForDeploymentPostprocessing = 0;
		};
		6ABDA32F1A4705B8005AAB60 /* Frameworks */ = {
			isa = PBXFrameworksBuildPhase;
			buildActionMask = 2147483647;
			files = (
			);
			runOnlyForDeploymentPostprocessing = 0;
		};
/* End PBXFrameworksBuildPhase section */

/* Begin PBXGroup section */
		6A6FF6091AF8B14A00CD00B9 /* client_lib */ = {
			isa = PBXGroup;
			children = (
				6AE92A931AF9E6D6009F6CEC /* fsnet_std */,
				6A6FF61C1AF8E33F00CD00B9 /* Channels */,
				6AEF43431AF91657003AF532 /* FSParams.cpp */,
				6AEF43441AF91657003AF532 /* FSParams.h */,
				6A6FF60A1AF8B15B00CD00B9 /* FSClientBase.cpp */,
				6A6FF60B1AF8B15B00CD00B9 /* FSClientBase.h */,
				6A6FF60D1AF8B30B00CD00B9 /* FSObject.cpp */,
				6A6FF60E1AF8B30B00CD00B9 /* FSObject.h */,
				6A6FF6101AF8CCB500CD00B9 /* FSChannel.cpp */,
				6A6FF6111AF8CCB500CD00B9 /* FSChannel.h */,
				6A6FF6131AF8D0B200CD00B9 /* FSPack.cpp */,
				6A6FF6141AF8D0B200CD00B9 /* FSPack.h */,
				6A6FF6161AF8DC0800CD00B9 /* FSClientImpl.cpp */,
				6A6FF6171AF8DC0800CD00B9 /* FSClientImpl.h */,
				6A6FF6191AF8DEE600CD00B9 /* FSChannelFactory.cpp */,
				6A6FF61A1AF8DEE600CD00B9 /* FSChannelFactory.h */,
				6AEF43461AF91668003AF532 /* FSMethod.cpp */,
				6AEF43471AF91668003AF532 /* FSMethod.h */,
			);
			path = client_lib;
			sourceTree = "<group>";
		};
		6A6FF61C1AF8E33F00CD00B9 /* Channels */ = {
			isa = PBXGroup;
			children = (
				6A6FF61D1AF8E35100CD00B9 /* LoginChannel.cpp */,
				6A6FF61E1AF8E35100CD00B9 /* LoginChannel.h */,
			);
			name = Channels;
			sourceTree = "<group>";
		};
		6ABDA3101A4705B8005AAB60 = {
			isa = PBXGroup;
			children = (
				6A6FF6091AF8B14A00CD00B9 /* client_lib */,
				6ABDA31B1A4705B8005AAB60 /* fsnet_client */,
				6ABDA3351A4705B8005AAB60 /* fsnet_clientTests */,
				6ABDA31A1A4705B8005AAB60 /* Products */,
			);
			sourceTree = "<group>";
		};
		6ABDA31A1A4705B8005AAB60 /* Products */ = {
			isa = PBXGroup;
			children = (
				6ABDA3191A4705B8005AAB60 /* fsnet_client.app */,
				6ABDA3321A4705B8005AAB60 /* fsnet_clientTests.xctest */,
			);
			name = Products;
			sourceTree = "<group>";
		};
		6ABDA31B1A4705B8005AAB60 /* fsnet_client */ = {
			isa = PBXGroup;
			children = (
				6ABDA3201A4705B8005AAB60 /* AppDelegate.h */,
				6ABDA3211A4705B8005AAB60 /* AppDelegate.m */,
				6ABDA3231A4705B8005AAB60 /* ViewController.h */,
				6ABDA3241A4705B8005AAB60 /* ViewController.mm */,
				6ABDA3261A4705B8005AAB60 /* Main.storyboard */,
				6ABDA3291A4705B8005AAB60 /* Images.xcassets */,
				6ABDA32B1A4705B8005AAB60 /* LaunchScreen.xib */,
				6ABDA31C1A4705B8005AAB60 /* Supporting Files */,
			);
			path = fsnet_client;
			sourceTree = "<group>";
		};
		6ABDA31C1A4705B8005AAB60 /* Supporting Files */ = {
			isa = PBXGroup;
			children = (
				6ABDA31D1A4705B8005AAB60 /* Info.plist */,
				6ABDA31E1A4705B8005AAB60 /* main.m */,
			);
			name = "Supporting Files";
			sourceTree = "<group>";
		};
		6ABDA3351A4705B8005AAB60 /* fsnet_clientTests */ = {
			isa = PBXGroup;
			children = (
				6ABDA3381A4705B8005AAB60 /* fsnet_clientTests.m */,
				6ABDA3361A4705B8005AAB60 /* Supporting Files */,
			);
			path = fsnet_clientTests;
			sourceTree = "<group>";
		};
		6ABDA3361A4705B8005AAB60 /* Supporting Files */ = {
			isa = PBXGroup;
			children = (
				6ABDA3371A4705B8005AAB60 /* Info.plist */,
			);
			name = "Supporting Files";
			sourceTree = "<group>";
		};
		6AE92A931AF9E6D6009F6CEC /* fsnet_std */ = {
			isa = PBXGroup;
			children = (
				6AE92A941AF9E6D6009F6CEC /* fs_define.h */,
				6AE92A951AF9E6D6009F6CEC /* fs_malloc.c */,
				6AE92A961AF9E6D6009F6CEC /* fs_malloc.h */,
				6AE92A971AF9E6D6009F6CEC /* fs_stream.c */,
				6AE92A981AF9E6D6009F6CEC /* fs_stream.h */,
			);
			path = fsnet_std;
			sourceTree = SOURCE_ROOT;
		};
/* End PBXGroup section */

/* Begin PBXNativeTarget section */
		6ABDA3181A4705B8005AAB60 /* fsnet_client */ = {
			isa = PBXNativeTarget;
			buildConfigurationList = 6ABDA33C1A4705B8005AAB60 /* Build configuration list for PBXNativeTarget "fsnet_client" */;
			buildPhases = (
				6ABDA3151A4705B8005AAB60 /* Sources */,
				6ABDA3161A4705B8005AAB60 /* Frameworks */,
				6ABDA3171A4705B8005AAB60 /* Resources */,
			);
			buildRules = (
			);
			dependencies = (
			);
			name = fsnet_client;
			productName = fsnet_client;
			productReference = 6ABDA3191A4705B8005AAB60 /* fsnet_client.app */;
			productType = "com.apple.product-type.application";
		};
		6ABDA3311A4705B8005AAB60 /* fsnet_clientTests */ = {
			isa = PBXNativeTarget;
			buildConfigurationList = 6ABDA33F1A4705B8005AAB60 /* Build configuration list for PBXNativeTarget "fsnet_clientTests" */;
			buildPhases = (
				6ABDA32E1A4705B8005AAB60 /* Sources */,
				6ABDA32F1A4705B8005AAB60 /* Frameworks */,
				6ABDA3301A4705B8005AAB60 /* Resources */,
			);
			buildRules = (
			);
			dependencies = (
				6ABDA3341A4705B8005AAB60 /* PBXTargetDependency */,
			);
			name = fsnet_clientTests;
			productName = fsnet_clientTests;
			productReference = 6ABDA3321A4705B8005AAB60 /* fsnet_clientTests.xctest */;
			productType = "com.apple.product-type.bundle.unit-test";
		};
/* End PBXNativeTarget section */

/* Begin PBXProject section */
		6ABDA3111A4705B8005AAB60 /* Project object */ = {
			isa = PBXProject;
			attributes = {
				LastUpgradeCheck = 0610;
				ORGANIZATIONNAME = Vincent;
				TargetAttributes = {
					6ABDA3181A4705B8005AAB60 = {
						CreatedOnToolsVersion = 6.1;
					};
					6ABDA3311A4705B8005AAB60 = {
						CreatedOnToolsVersion = 6.1;
						TestTargetID = 6ABDA3181A4705B8005AAB60;
					};
				};
			};
			buildConfigurationList = 6ABDA3141A4705B8005AAB60 /* Build configuration list for PBXProject "fsnet_client" */;
			compatibilityVersion = "Xcode 3.2";
			developmentRegion = English;
			hasScannedForEncodings = 0;
			knownRegions = (
				en,
				Base,
			);
			mainGroup = 6ABDA3101A4705B8005AAB60;
			productRefGroup = 6ABDA31A1A4705B8005AAB60 /* Products */;
			projectDirPath = "";
			projectRoot = "";
			targets = (
				6ABDA3181A4705B8005AAB60 /* fsnet_client */,
				6ABDA3311A4705B8005AAB60 /* fsnet_clientTests */,
			);
		};
/* End PBXProject section */

/* Begin PBXResourcesBuildPhase section */
		6ABDA3171A4705B8005AAB60 /* Resources */ = {
			isa = PBXResourcesBuildPhase;
			buildActionMask = 2147483647;
			files = (
				6ABDA3281A4705B8005AAB60 /* Main.storyboard in Resources */,
				6ABDA32D1A4705B8005AAB60 /* LaunchScreen.xib in Resources */,
				6ABDA32A1A4705B8005AAB60 /* Images.xcassets in Resources */,
			);
			runOnlyForDeploymentPostprocessing = 0;
		};
		6ABDA3301A4705B8005AAB60 /* Resources */ = {
			isa = PBXResourcesBuildPhase;
			buildActionMask = 2147483647;
			files = (
			);
			runOnlyForDeploymentPostprocessing = 0;
		};
/* End PBXResourcesBuildPhase section */

/* Begin PBXSourcesBuildPhase section */
		6ABDA3151A4705B8005AAB60 /* Sources */ = {
			isa = PBXSourcesBuildPhase;
			buildActionMask = 2147483647;
			files = (
				6AE92A9A1AF9E6D6009F6CEC /* fs_stream.c in Sources */,
				6A6FF61F1AF8E35100CD00B9 /* LoginChannel.cpp in Sources */,
				6ABDA3251A4705B8005AAB60 /* ViewController.mm in Sources */,
				6A6FF6151AF8D0B200CD00B9 /* FSPack.cpp in Sources */,
				6A6FF6121AF8CCB500CD00B9 /* FSChannel.cpp in Sources */,
				6AEF43451AF91657003AF532 /* FSParams.cpp in Sources */,
				6AE92A991AF9E6D6009F6CEC /* fs_malloc.c in Sources */,
				6A6FF6181AF8DC0800CD00B9 /* FSClientImpl.cpp in Sources */,
				6A6FF60C1AF8B15B00CD00B9 /* FSClientBase.cpp in Sources */,
				6ABDA3221A4705B8005AAB60 /* AppDelegate.m in Sources */,
				6ABDA31F1A4705B8005AAB60 /* main.m in Sources */,
				6A6FF61B1AF8DEE600CD00B9 /* FSChannelFactory.cpp in Sources */,
				6AEF43481AF91668003AF532 /* FSMethod.cpp in Sources */,
				6A6FF60F1AF8B30B00CD00B9 /* FSObject.cpp in Sources */,
			);
			runOnlyForDeploymentPostprocessing = 0;
		};
		6ABDA32E1A4705B8005AAB60 /* Sources */ = {
			isa = PBXSourcesBuildPhase;
			buildActionMask = 2147483647;
			files = (
				6ABDA3391A4705B8005AAB60 /* fsnet_clientTests.m in Sources */,
			);
			runOnlyForDeploymentPostprocessing = 0;
		};
/* End PBXSourcesBuildPhase section */

/* Begin PBXTargetDependency section */
		6ABDA3341A4705B8005AAB60 /* PBXTargetDependency */ = {
			isa = PBXTargetDependency;
			target = 6ABDA3181A4705B8005AAB60 /* fsnet_client */;
			targetProxy = 6ABDA3331A4705B8005AAB60 /* PBXContainerItemProxy */;
		};
/* End PBXTargetDependency section */

/* Begin PBXVariantGroup section */
		6ABDA3261A4705B8005AAB60 /* Main.storyboard */ = {
			isa = PBXVariantGroup;
			children = (
				6ABDA3271A4705B8005AAB60 /* Base */,
			);
			name = Main.storyboard;
			sourceTree = "<group>";
		};
		6ABDA32B1A4705B8005AAB60 /* LaunchScreen.xib */ = {
			isa = PBXVariantGroup;
			children = (
				6ABDA32C1A4705B8005AAB60 /* Base */,
			);
			name = LaunchScreen.xib;
			sourceTree = "<group>";
		};
/* End PBXVariantGroup section */

/* Begin XCBuildConfiguration section */
		6ABDA33A1A4705B8005AAB60 /* Debug */ = {
			isa = XCBuildConfiguration;
			buildSettings = {
				ALWAYS_SEARCH_USER_PATHS = NO;
				CLANG_CXX_LANGUAGE_STANDARD = "gnu++0x";
				CLANG_CXX_LIBRARY = "libc++";
				CLANG_ENABLE_MODULES = YES;
				CLANG_ENABLE_OBJC_ARC = YES;
				CLANG_WARN_BOOL_CONVERSION = YES;
				CLANG_WARN_CONSTANT_CONVERSION = YES;
				CLANG_WARN_DIRECT_OBJC_ISA_USAGE = YES_ERROR;
				CLANG_WARN_EMPTY_BODY = YES;
				CLANG_WARN_ENUM_CONVERSION = YES;
				CLANG_WARN_INT_CONVERSION = YES;
				CLANG_WARN_OBJC_ROOT_CLASS = YES_ERROR;
				CLANG_WARN_UNREACHABLE_CODE = YES;
				CLANG_WARN__DUPLICATE_METHOD_MATCH = YES;
				"CODE_SIGN_IDENTITY[sdk=iphoneos*]" = "iPhone Developer";
				COPY_PHASE_STRIP = NO;
				ENABLE_STRICT_OBJC_MSGSEND = YES;
				GCC_C_LANGUAGE_STANDARD = gnu99;
				GCC_DYNAMIC_NO_PIC = NO;
				GCC_OPTIMIZATION_LEVEL = 0;
				GCC_PREPROCESSOR_DEFINITIONS = (
					"DEBUG=1",
					"$(inherited)",
				);
				GCC_SYMBOLS_PRIVATE_EXTERN = NO;
				GCC_WARN_64_TO_32_BIT_CONVERSION = YES;
				GCC_WARN_ABOUT_RETURN_TYPE = YES_ERROR;
				GCC_WARN_UNDECLARED_SELECTOR = YES;
				GCC_WARN_UNINITIALIZED_AUTOS = YES_AGGRESSIVE;
				GCC_WARN_UNUSED_FUNCTION = YES;
				GCC_WARN_UNUSED_VARIABLE = YES;
				IPHONEOS_DEPLOYMENT_TARGET = 8.1;
				MTL_ENABLE_DEBUG_INFO = YES;
				ONLY_ACTIVE_ARCH = YES;
				SDKROOT = iphoneos;
				TARGETED_DEVICE_FAMILY = "1,2";
			};
			name = Debug;
		};
		6ABDA33B1A4705B8005AAB60 /* Release */ = {
			isa = XCBuildConfiguration;
			buildSettings = {
				ALWAYS_SEARCH_USER_PATHS = NO;
				CLANG_CXX_LANGUAGE_STANDARD = "gnu++0x";
				CLANG_CXX_LIBRARY = "libc++";
				CLANG_ENABLE_MODULES = YES;
				CLANG_ENABLE_OBJC_ARC = YES;
				CLANG_WARN_BOOL_CONVERSION = YES;
				CLANG_WARN_CONSTANT_CONVERSION = YES;
				CLANG_WARN_DIRECT_OBJC_ISA_USAGE = YES_ERROR;
				CLANG_WARN_EMPTY_BODY = YES;
				CLANG_WARN_ENUM_CONVERSION = YES;
				CLANG_WARN_INT_CONVERSION = YES;
				CLANG_WARN_OBJC_ROOT_CLASS = YES_ERROR;
				CLANG_WARN_UNREACHABLE_CODE = YES;
				CLANG_WARN__DUPLICATE_METHOD_MATCH = YES;
				"CODE_SIGN_IDENTITY[sdk=iphoneos*]" = "iPhone Developer";
				COPY_PHASE_STRIP = YES;
				ENABLE_NS_ASSERTIONS = NO;
				ENABLE_STRICT_OBJC_MSGSEND = YES;
				GCC_C_LANGUAGE_STANDARD = gnu99;
				GCC_WARN_64_TO_32_BIT_CONVERSION = YES;
				GCC_WARN_ABOUT_RETURN_TYPE = YES_ERROR;
				GCC_WARN_UNDECLARED_SELECTOR = YES;
				GCC_WARN_UNINITIALIZED_AUTOS = YES_AGGRESSIVE;
				GCC_WARN_UNUSED_FUNCTION = YES;
				GCC_WARN_UNUSED_VARIABLE = YES;
				IPHONEOS_DEPLOYMENT_TARGET = 8.1;
				MTL_ENABLE_DEBUG_INFO = NO;
				SDKROOT = iphoneos;
				TARGETED_DEVICE_FAMILY = "1,2";
				VALIDATE_PRODUCT = YES;
			};
			name = Release;
		};
		6ABDA33D1A4705B8005AAB60 /* Debug */ = {
			isa = XCBuildConfiguration;
			buildSettings = {
				ASSETCATALOG_COMPILER_APPICON_NAME = AppIcon;
				INFOPLIST_FILE = fsnet_client/Info.plist;
				LD_RUNPATH_SEARCH_PATHS = "$(inherited) @executable_path/Frameworks";
				LIBRARY_SEARCH_PATHS = (
					"$(inherited)",
					"$(PROJECT_DIR)/3drpartylib/libs",
				);
				PRODUCT_NAME = "$(TARGET_NAME)";
			};
			name = Debug;
		};
		6ABDA33E1A4705B8005AAB60 /* Release */ = {
			isa = XCBuildConfiguration;
			buildSettings = {
				ASSETCATALOG_COMPILER_APPICON_NAME = AppIcon;
				INFOPLIST_FILE = fsnet_client/Info.plist;
				LD_RUNPATH_SEARCH_PATHS = "$(inherited) @executable_path/Frameworks";
				LIBRARY_SEARCH_PATHS = (
					"$(inherited)",
					"$(PROJECT_DIR)/3drpartylib/libs",
				);
				PRODUCT_NAME = "$(TARGET_NAME)";
			};
			name = Release;
		};
		6ABDA3401A4705B8005AAB60 /* Debug */ = {
			isa = XCBuildConfiguration;
			buildSettings = {
				BUNDLE_LOADER = "$(TEST_HOST)";
				FRAMEWORK_SEARCH_PATHS = (
					"$(SDKROOT)/Developer/Library/Frameworks",
					"$(inherited)",
				);
				GCC_PREPROCESSOR_DEFINITIONS = (
					"DEBUG=1",
					"$(inherited)",
				);
				INFOPLIST_FILE = fsnet_clientTests/Info.plist;
				LD_RUNPATH_SEARCH_PATHS = "$(inherited) @executable_path/Frameworks @loader_path/Frameworks";
				PRODUCT_NAME = "$(TARGET_NAME)";
				TEST_HOST = "$(BUILT_PRODUCTS_DIR)/fsnet_client.app/fsnet_client";
			};
			name = Debug;
		};
		6ABDA3411A4705B8005AAB60 /* Release */ = {
			isa = XCBuildConfiguration;
			buildSettings = {
				BUNDLE_LOADER = "$(TEST_HOST)";
				FRAMEWORK_SEARCH_PATHS = (
					"$(SDKROOT)/Developer/Library/Frameworks",
					"$(inherited)",
				);
				INFOPLIST_FILE = fsnet_clientTests/Info.plist;
				LD_RUNPATH_SEARCH_PATHS = "$(inherited) @executable_path/Frameworks @loader_path/Frameworks";
				PRODUCT_NAME = "$(TARGET_NAME)";
				TEST_HOST = "$(BUILT_PRODUCTS_DIR)/fsnet_client.app/fsnet_client";
			};
			name = Release;
		};
/* End XCBuildConfiguration section */

/* Begin XCConfigurationList section */
		6ABDA3141A4705B8005AAB60 /* Build configuration list for PBXProject "fsnet_client" */ = {
			isa = XCConfigurationList;
			buildConfigurations = (
				6ABDA33A1A4705B8005AAB60 /* Debug */,
				6ABDA33B1A4705B8005AAB60 /* Release */,
			);
			defaultConfigurationIsVisible = 0;
			defaultConfigurationName = Release;
		};
		6ABDA33C1A4705B8005AAB60 /* Build configuration list for PBXNativeTarget "fsnet_client" */ = {
			isa = XCConfigurationList;
			buildConfigurations = (
				6ABDA33D1A4705B8005AAB60 /* Debug */,
				6ABDA33E1A4705B8005AAB60 /* Release */,
			);
			defaultConfigurationIsVisible = 0;
			defaultConfigurationName = Release;
		};
		6ABDA33F1A4705B8005AAB60 /* Build configuration list for PBXNativeTarget "fsnet_clientTests" */ = {
			isa = XCConfigurationList;
			buildConfigurations = (
				6ABDA3401A4705B8005AAB60 /* Debug */,
				6ABDA3411A4705B8005AAB60 /* Release */,
			);
			defaultConfigurationIsVisible = 0;
			defaultConfigurationName = Release;
		};
/* End XCConfigurationList section */
	};
	rootObject = 6ABDA3111A4705B8005AAB60 /* Project object */;
}
