// !$*UTF8*$!
{
	archiveVersion = 1;
	classes = {
	};
	objectVersion = 46;
	objects = {

/* Begin PBXBuildFile section */
		6A0DE4EA1934A7DD001FE8FA /* fs_loop_queue.c in Sources */ = {isa = PBXBuildFile; fileRef = 6A34975E1934901B0068E6E6 /* fs_loop_queue.c */; };
		6A0DE4EB1934A7DD001FE8FA /* fs_malloc.c in Sources */ = {isa = PBXBuildFile; fileRef = 6A3497601934901B0068E6E6 /* fs_malloc.c */; };
		6A0DE4EC1934A7DD001FE8FA /* fs_node.c in Sources */ = {isa = PBXBuildFile; fileRef = 6A3497621934901B0068E6E6 /* fs_node.c */; };
		6A0DE4ED1934A7DD001FE8FA /* fs_pack.c in Sources */ = {isa = PBXBuildFile; fileRef = 6A3497641934901B0068E6E6 /* fs_pack.c */; };
		6A0DE4EE1934A7DD001FE8FA /* fs_server.c in Sources */ = {isa = PBXBuildFile; fileRef = 6A3497661934901B0068E6E6 /* fs_server.c */; };
		6A0DE4EF1934A7DD001FE8FA /* fs_stream.c in Sources */ = {isa = PBXBuildFile; fileRef = 6A3497681934901B0068E6E6 /* fs_stream.c */; };
		6A0DE4F01934A7DD001FE8FA /* hash.c in Sources */ = {isa = PBXBuildFile; fileRef = 6A34976B1934901B0068E6E6 /* hash.c */; };
		6A0DE4F11934A7E6001FE8FA /* rb_define.c in Sources */ = {isa = PBXBuildFile; fileRef = 6A34976E1934901B0068E6E6 /* rb_define.c */; };
		6A0DE4F21934A7E6001FE8FA /* rb_main.c in Sources */ = {isa = PBXBuildFile; fileRef = 6A3497701934901B0068E6E6 /* rb_main.c */; };
		6A0DE4F31934A7FA001FE8FA /* libevent_core-2.1.4.dylib in Frameworks */ = {isa = PBXBuildFile; fileRef = 6A002AC7192E6B3000C34187 /* libevent_core-2.1.4.dylib */; };
		6A0DE4F41934A7FA001FE8FA /* libevent_extra-2.1.4.dylib in Frameworks */ = {isa = PBXBuildFile; fileRef = 6A002AC8192E6B3000C34187 /* libevent_extra-2.1.4.dylib */; };
		6A0DE4F51934A7FA001FE8FA /* libevent_openssl-2.1.4.dylib in Frameworks */ = {isa = PBXBuildFile; fileRef = 6A002AC9192E6B3000C34187 /* libevent_openssl-2.1.4.dylib */; };
		6A0DE4F61934A7FA001FE8FA /* libevent_pthreads-2.1.4.dylib in Frameworks */ = {isa = PBXBuildFile; fileRef = 6A002ACA192E6B3000C34187 /* libevent_pthreads-2.1.4.dylib */; };
		6A0DE4F71934A7FA001FE8FA /* libevent-2.1.4.dylib in Frameworks */ = {isa = PBXBuildFile; fileRef = 6A002ACB192E6B3000C34187 /* libevent-2.1.4.dylib */; };
		6A0DE4F81934A7FA001FE8FA /* libruby.2.1.0.dylib in Frameworks */ = {isa = PBXBuildFile; fileRef = 6A20BA45192F1BB400B10676 /* libruby.2.1.0.dylib */; };
		6A0DE4FA1934A864001FE8FA /* libfsnet-static.a in Frameworks */ = {isa = PBXBuildFile; fileRef = 6A0DE4E61934A772001FE8FA /* libfsnet-static.a */; };
		6A0DE4FB1934A871001FE8FA /* libevent_core-2.1.4.dylib in Frameworks */ = {isa = PBXBuildFile; fileRef = 6A002AC7192E6B3000C34187 /* libevent_core-2.1.4.dylib */; };
		6A0DE4FC1934A871001FE8FA /* libevent_extra-2.1.4.dylib in Frameworks */ = {isa = PBXBuildFile; fileRef = 6A002AC8192E6B3000C34187 /* libevent_extra-2.1.4.dylib */; };
		6A0DE4FD1934A871001FE8FA /* libevent_openssl-2.1.4.dylib in Frameworks */ = {isa = PBXBuildFile; fileRef = 6A002AC9192E6B3000C34187 /* libevent_openssl-2.1.4.dylib */; };
		6A0DE4FE1934A871001FE8FA /* libevent_pthreads-2.1.4.dylib in Frameworks */ = {isa = PBXBuildFile; fileRef = 6A002ACA192E6B3000C34187 /* libevent_pthreads-2.1.4.dylib */; };
		6A0DE4FF1934A871001FE8FA /* libevent-2.1.4.dylib in Frameworks */ = {isa = PBXBuildFile; fileRef = 6A002ACB192E6B3000C34187 /* libevent-2.1.4.dylib */; };
		6A0DE5001934A871001FE8FA /* libruby.2.1.0.dylib in Frameworks */ = {isa = PBXBuildFile; fileRef = 6A20BA45192F1BB400B10676 /* libruby.2.1.0.dylib */; };
		6A72203319349A89008F3223 /* fs_main.c in Sources */ = {isa = PBXBuildFile; fileRef = 6A34971819348E740068E6E6 /* fs_main.c */; };
		6A72203D19349ABE008F3223 /* fs_loop_queue.c in Sources */ = {isa = PBXBuildFile; fileRef = 6A34975E1934901B0068E6E6 /* fs_loop_queue.c */; };
		6A72203E19349ABE008F3223 /* fs_malloc.c in Sources */ = {isa = PBXBuildFile; fileRef = 6A3497601934901B0068E6E6 /* fs_malloc.c */; };
		6A72203F19349ABE008F3223 /* fs_node.c in Sources */ = {isa = PBXBuildFile; fileRef = 6A3497621934901B0068E6E6 /* fs_node.c */; };
		6A72204019349ABE008F3223 /* fs_pack.c in Sources */ = {isa = PBXBuildFile; fileRef = 6A3497641934901B0068E6E6 /* fs_pack.c */; };
		6A72204119349ABE008F3223 /* fs_server.c in Sources */ = {isa = PBXBuildFile; fileRef = 6A3497661934901B0068E6E6 /* fs_server.c */; };
		6A72204219349ABE008F3223 /* fs_stream.c in Sources */ = {isa = PBXBuildFile; fileRef = 6A3497681934901B0068E6E6 /* fs_stream.c */; };
		6A72204319349ABE008F3223 /* hash.c in Sources */ = {isa = PBXBuildFile; fileRef = 6A34976B1934901B0068E6E6 /* hash.c */; };
		6A72204419349ABE008F3223 /* rb_define.c in Sources */ = {isa = PBXBuildFile; fileRef = 6A34976E1934901B0068E6E6 /* rb_define.c */; };
		6A72204519349ABE008F3223 /* rb_main.c in Sources */ = {isa = PBXBuildFile; fileRef = 6A3497701934901B0068E6E6 /* rb_main.c */; };
		6A72204719349ABE008F3223 /* libevent_core-2.1.4.dylib in Frameworks */ = {isa = PBXBuildFile; fileRef = 6A002AC7192E6B3000C34187 /* libevent_core-2.1.4.dylib */; };
		6A72204819349ABE008F3223 /* libevent_extra-2.1.4.dylib in Frameworks */ = {isa = PBXBuildFile; fileRef = 6A002AC8192E6B3000C34187 /* libevent_extra-2.1.4.dylib */; };
		6A72204919349ABE008F3223 /* libevent_openssl-2.1.4.dylib in Frameworks */ = {isa = PBXBuildFile; fileRef = 6A002AC9192E6B3000C34187 /* libevent_openssl-2.1.4.dylib */; };
		6A72204A19349ABE008F3223 /* libevent_pthreads-2.1.4.dylib in Frameworks */ = {isa = PBXBuildFile; fileRef = 6A002ACA192E6B3000C34187 /* libevent_pthreads-2.1.4.dylib */; };
		6A72204B19349ABE008F3223 /* libevent-2.1.4.dylib in Frameworks */ = {isa = PBXBuildFile; fileRef = 6A002ACB192E6B3000C34187 /* libevent-2.1.4.dylib */; };
		6A72204C19349ABE008F3223 /* libruby.2.1.0.dylib in Frameworks */ = {isa = PBXBuildFile; fileRef = 6A20BA45192F1BB400B10676 /* libruby.2.1.0.dylib */; };
/* End PBXBuildFile section */

/* Begin PBXCopyFilesBuildPhase section */
		6A72203619349A89008F3223 /* CopyFiles */ = {
			isa = PBXCopyFilesBuildPhase;
			buildActionMask = 2147483647;
			dstPath = /usr/share/man/man1/;
			dstSubfolderSpec = 0;
			files = (
			);
			runOnlyForDeploymentPostprocessing = 1;
		};
/* End PBXCopyFilesBuildPhase section */

/* Begin PBXFileReference section */
		6A002AB8192E642D00C34187 /* rubylib */ = {isa = PBXFileReference; lastKnownFileType = folder; name = rubylib; path = FSNet/rubylib; sourceTree = "<group>"; };
		6A002AC7192E6B3000C34187 /* libevent_core-2.1.4.dylib */ = {isa = PBXFileReference; lastKnownFileType = "compiled.mach-o.dylib"; name = "libevent_core-2.1.4.dylib"; path = "FSNet/libs/libevent_core-2.1.4.dylib"; sourceTree = "<group>"; };
		6A002AC8192E6B3000C34187 /* libevent_extra-2.1.4.dylib */ = {isa = PBXFileReference; lastKnownFileType = "compiled.mach-o.dylib"; name = "libevent_extra-2.1.4.dylib"; path = "FSNet/libs/libevent_extra-2.1.4.dylib"; sourceTree = "<group>"; };
		6A002AC9192E6B3000C34187 /* libevent_openssl-2.1.4.dylib */ = {isa = PBXFileReference; lastKnownFileType = "compiled.mach-o.dylib"; name = "libevent_openssl-2.1.4.dylib"; path = "FSNet/libs/libevent_openssl-2.1.4.dylib"; sourceTree = "<group>"; };
		6A002ACA192E6B3000C34187 /* libevent_pthreads-2.1.4.dylib */ = {isa = PBXFileReference; lastKnownFileType = "compiled.mach-o.dylib"; name = "libevent_pthreads-2.1.4.dylib"; path = "FSNet/libs/libevent_pthreads-2.1.4.dylib"; sourceTree = "<group>"; };
		6A002ACB192E6B3000C34187 /* libevent-2.1.4.dylib */ = {isa = PBXFileReference; lastKnownFileType = "compiled.mach-o.dylib"; name = "libevent-2.1.4.dylib"; path = "FSNet/libs/libevent-2.1.4.dylib"; sourceTree = "<group>"; };
		6A0DE4E61934A772001FE8FA /* libfsnet-static.a */ = {isa = PBXFileReference; explicitFileType = archive.ar; includeInIndex = 0; path = "libfsnet-static.a"; sourceTree = BUILT_PRODUCTS_DIR; };
		6A20BA45192F1BB400B10676 /* libruby.2.1.0.dylib */ = {isa = PBXFileReference; lastKnownFileType = "compiled.mach-o.dylib"; name = libruby.2.1.0.dylib; path = FSNet/libs/libruby.2.1.0.dylib; sourceTree = "<group>"; };
		6A34971819348E740068E6E6 /* fs_main.c */ = {isa = PBXFileReference; fileEncoding = 4; lastKnownFileType = sourcecode.c.c; path = fs_main.c; sourceTree = "<group>"; };
		6A34975D1934901B0068E6E6 /* fs_define.h */ = {isa = PBXFileReference; lastKnownFileType = sourcecode.c.h; path = fs_define.h; sourceTree = "<group>"; };
		6A34975E1934901B0068E6E6 /* fs_loop_queue.c */ = {isa = PBXFileReference; lastKnownFileType = sourcecode.c.c; path = fs_loop_queue.c; sourceTree = "<group>"; };
		6A34975F1934901B0068E6E6 /* fs_loop_queue.h */ = {isa = PBXFileReference; lastKnownFileType = sourcecode.c.h; path = fs_loop_queue.h; sourceTree = "<group>"; };
		6A3497601934901B0068E6E6 /* fs_malloc.c */ = {isa = PBXFileReference; lastKnownFileType = sourcecode.c.c; path = fs_malloc.c; sourceTree = "<group>"; };
		6A3497611934901B0068E6E6 /* fs_malloc.h */ = {isa = PBXFileReference; lastKnownFileType = sourcecode.c.h; path = fs_malloc.h; sourceTree = "<group>"; };
		6A3497621934901B0068E6E6 /* fs_node.c */ = {isa = PBXFileReference; lastKnownFileType = sourcecode.c.c; path = fs_node.c; sourceTree = "<group>"; };
		6A3497631934901B0068E6E6 /* fs_node.h */ = {isa = PBXFileReference; lastKnownFileType = sourcecode.c.h; path = fs_node.h; sourceTree = "<group>"; };
		6A3497641934901B0068E6E6 /* fs_pack.c */ = {isa = PBXFileReference; lastKnownFileType = sourcecode.c.c; path = fs_pack.c; sourceTree = "<group>"; };
		6A3497651934901B0068E6E6 /* fs_pack.h */ = {isa = PBXFileReference; lastKnownFileType = sourcecode.c.h; path = fs_pack.h; sourceTree = "<group>"; };
		6A3497661934901B0068E6E6 /* fs_server.c */ = {isa = PBXFileReference; lastKnownFileType = sourcecode.c.c; path = fs_server.c; sourceTree = "<group>"; };
		6A3497671934901B0068E6E6 /* fs_server.h */ = {isa = PBXFileReference; lastKnownFileType = sourcecode.c.h; path = fs_server.h; sourceTree = "<group>"; };
		6A3497681934901B0068E6E6 /* fs_stream.c */ = {isa = PBXFileReference; lastKnownFileType = sourcecode.c.c; path = fs_stream.c; sourceTree = "<group>"; };
		6A3497691934901B0068E6E6 /* fs_stream.h */ = {isa = PBXFileReference; lastKnownFileType = sourcecode.c.h; path = fs_stream.h; sourceTree = "<group>"; };
		6A34976A1934901B0068E6E6 /* fs_struct.h */ = {isa = PBXFileReference; lastKnownFileType = sourcecode.c.h; path = fs_struct.h; sourceTree = "<group>"; };
		6A34976B1934901B0068E6E6 /* hash.c */ = {isa = PBXFileReference; lastKnownFileType = sourcecode.c.c; path = hash.c; sourceTree = "<group>"; };
		6A34976C1934901B0068E6E6 /* hash.h */ = {isa = PBXFileReference; lastKnownFileType = sourcecode.c.h; path = hash.h; sourceTree = "<group>"; };
		6A34976E1934901B0068E6E6 /* rb_define.c */ = {isa = PBXFileReference; lastKnownFileType = sourcecode.c.c; path = rb_define.c; sourceTree = "<group>"; };
		6A34976F1934901B0068E6E6 /* rb_define.h */ = {isa = PBXFileReference; lastKnownFileType = sourcecode.c.h; path = rb_define.h; sourceTree = "<group>"; };
		6A3497701934901B0068E6E6 /* rb_main.c */ = {isa = PBXFileReference; lastKnownFileType = sourcecode.c.c; path = rb_main.c; sourceTree = "<group>"; };
		6A72203A19349A89008F3223 /* fsserver */ = {isa = PBXFileReference; explicitFileType = "compiled.mach-o.executable"; includeInIndex = 0; path = fsserver; sourceTree = BUILT_PRODUCTS_DIR; };
		6A72205119349ABE008F3223 /* libfsnet.dylib */ = {isa = PBXFileReference; explicitFileType = "compiled.mach-o.dylib"; includeInIndex = 0; path = libfsnet.dylib; sourceTree = BUILT_PRODUCTS_DIR; };
/* End PBXFileReference section */

/* Begin PBXFrameworksBuildPhase section */
		6A0DE4E31934A772001FE8FA /* Frameworks */ = {
			isa = PBXFrameworksBuildPhase;
			buildActionMask = 2147483647;
			files = (
				6A0DE4F31934A7FA001FE8FA /* libevent_core-2.1.4.dylib in Frameworks */,
				6A0DE4F41934A7FA001FE8FA /* libevent_extra-2.1.4.dylib in Frameworks */,
				6A0DE4F51934A7FA001FE8FA /* libevent_openssl-2.1.4.dylib in Frameworks */,
				6A0DE4F61934A7FA001FE8FA /* libevent_pthreads-2.1.4.dylib in Frameworks */,
				6A0DE4F71934A7FA001FE8FA /* libevent-2.1.4.dylib in Frameworks */,
				6A0DE4F81934A7FA001FE8FA /* libruby.2.1.0.dylib in Frameworks */,
			);
			runOnlyForDeploymentPostprocessing = 0;
		};
		6A72203419349A89008F3223 /* Frameworks */ = {
			isa = PBXFrameworksBuildPhase;
			buildActionMask = 2147483647;
			files = (
				6A0DE4FB1934A871001FE8FA /* libevent_core-2.1.4.dylib in Frameworks */,
				6A0DE4FC1934A871001FE8FA /* libevent_extra-2.1.4.dylib in Frameworks */,
				6A0DE4FD1934A871001FE8FA /* libevent_openssl-2.1.4.dylib in Frameworks */,
				6A0DE4FE1934A871001FE8FA /* libevent_pthreads-2.1.4.dylib in Frameworks */,
				6A0DE4FF1934A871001FE8FA /* libevent-2.1.4.dylib in Frameworks */,
				6A0DE5001934A871001FE8FA /* libruby.2.1.0.dylib in Frameworks */,
				6A0DE4FA1934A864001FE8FA /* libfsnet-static.a in Frameworks */,
			);
			runOnlyForDeploymentPostprocessing = 0;
		};
		6A72204619349ABE008F3223 /* Frameworks */ = {
			isa = PBXFrameworksBuildPhase;
			buildActionMask = 2147483647;
			files = (
				6A72204719349ABE008F3223 /* libevent_core-2.1.4.dylib in Frameworks */,
				6A72204819349ABE008F3223 /* libevent_extra-2.1.4.dylib in Frameworks */,
				6A72204919349ABE008F3223 /* libevent_openssl-2.1.4.dylib in Frameworks */,
				6A72204A19349ABE008F3223 /* libevent_pthreads-2.1.4.dylib in Frameworks */,
				6A72204B19349ABE008F3223 /* libevent-2.1.4.dylib in Frameworks */,
				6A72204C19349ABE008F3223 /* libruby.2.1.0.dylib in Frameworks */,
			);
			runOnlyForDeploymentPostprocessing = 0;
		};
/* End PBXFrameworksBuildPhase section */

/* Begin PBXGroup section */
		6A1EE2C2192D008300E43BF0 /* libs */ = {
			isa = PBXGroup;
			children = (
				6A20BA45192F1BB400B10676 /* libruby.2.1.0.dylib */,
				6A002AC7192E6B3000C34187 /* libevent_core-2.1.4.dylib */,
				6A002AC8192E6B3000C34187 /* libevent_extra-2.1.4.dylib */,
				6A002AC9192E6B3000C34187 /* libevent_openssl-2.1.4.dylib */,
				6A002ACA192E6B3000C34187 /* libevent_pthreads-2.1.4.dylib */,
				6A002ACB192E6B3000C34187 /* libevent-2.1.4.dylib */,
			);
			name = libs;
			sourceTree = "<group>";
		};
		6A34975C1934901B0068E6E6 /* fsnet */ = {
			isa = PBXGroup;
			children = (
				6A34975D1934901B0068E6E6 /* fs_define.h */,
				6A34975E1934901B0068E6E6 /* fs_loop_queue.c */,
				6A34975F1934901B0068E6E6 /* fs_loop_queue.h */,
				6A3497601934901B0068E6E6 /* fs_malloc.c */,
				6A3497611934901B0068E6E6 /* fs_malloc.h */,
				6A3497621934901B0068E6E6 /* fs_node.c */,
				6A3497631934901B0068E6E6 /* fs_node.h */,
				6A3497641934901B0068E6E6 /* fs_pack.c */,
				6A3497651934901B0068E6E6 /* fs_pack.h */,
				6A3497661934901B0068E6E6 /* fs_server.c */,
				6A3497671934901B0068E6E6 /* fs_server.h */,
				6A3497681934901B0068E6E6 /* fs_stream.c */,
				6A3497691934901B0068E6E6 /* fs_stream.h */,
				6A34976A1934901B0068E6E6 /* fs_struct.h */,
				6A34976B1934901B0068E6E6 /* hash.c */,
				6A34976C1934901B0068E6E6 /* hash.h */,
				6A34976D1934901B0068E6E6 /* ruby_define */,
			);
			name = fsnet;
			path = FSNet/fsnet;
			sourceTree = "<group>";
		};
		6A34976D1934901B0068E6E6 /* ruby_define */ = {
			isa = PBXGroup;
			children = (
				6A34976E1934901B0068E6E6 /* rb_define.c */,
				6A34976F1934901B0068E6E6 /* rb_define.h */,
				6A3497701934901B0068E6E6 /* rb_main.c */,
			);
			path = ruby_define;
			sourceTree = "<group>";
		};
		6AF7318A192B8C7900EAA297 = {
			isa = PBXGroup;
			children = (
				6A34975C1934901B0068E6E6 /* fsnet */,
				6A002AB8192E642D00C34187 /* rubylib */,
				6A1EE2C2192D008300E43BF0 /* libs */,
				6AF73195192B8C7900EAA297 /* src */,
				6AF73194192B8C7900EAA297 /* Products */,
			);
			sourceTree = "<group>";
		};
		6AF73194192B8C7900EAA297 /* Products */ = {
			isa = PBXGroup;
			children = (
				6A72203A19349A89008F3223 /* fsserver */,
				6A72205119349ABE008F3223 /* libfsnet.dylib */,
				6A0DE4E61934A772001FE8FA /* libfsnet-static.a */,
			);
			name = Products;
			sourceTree = "<group>";
		};
		6AF73195192B8C7900EAA297 /* src */ = {
			isa = PBXGroup;
			children = (
				6A34971819348E740068E6E6 /* fs_main.c */,
			);
			name = src;
			path = FSNet;
			sourceTree = "<group>";
		};
/* End PBXGroup section */

/* Begin PBXHeadersBuildPhase section */
		6A0DE4E41934A772001FE8FA /* Headers */ = {
			isa = PBXHeadersBuildPhase;
			buildActionMask = 2147483647;
			files = (
			);
			runOnlyForDeploymentPostprocessing = 0;
		};
		6A72204D19349ABE008F3223 /* Headers */ = {
			isa = PBXHeadersBuildPhase;
			buildActionMask = 2147483647;
			files = (
			);
			runOnlyForDeploymentPostprocessing = 0;
		};
/* End PBXHeadersBuildPhase section */

/* Begin PBXNativeTarget section */
		6A0DE4E51934A772001FE8FA /* fsnet-static */ = {
			isa = PBXNativeTarget;
			buildConfigurationList = 6A0DE4E71934A772001FE8FA /* Build configuration list for PBXNativeTarget "fsnet-static" */;
			buildPhases = (
				6A0DE4E21934A772001FE8FA /* Sources */,
				6A0DE4E31934A772001FE8FA /* Frameworks */,
				6A0DE4E41934A772001FE8FA /* Headers */,
			);
			buildRules = (
			);
			dependencies = (
			);
			name = "fsnet-static";
			productName = "fsnet-static";
			productReference = 6A0DE4E61934A772001FE8FA /* libfsnet-static.a */;
			productType = "com.apple.product-type.library.static";
		};
		6A72202F19349A89008F3223 /* fsserver */ = {
			isa = PBXNativeTarget;
			buildConfigurationList = 6A72203719349A89008F3223 /* Build configuration list for PBXNativeTarget "fsserver" */;
			buildPhases = (
				6A72203219349A89008F3223 /* Sources */,
				6A72203419349A89008F3223 /* Frameworks */,
				6A72203619349A89008F3223 /* CopyFiles */,
			);
			buildRules = (
			);
			dependencies = (
			);
			name = fsserver;
			productName = FSNet;
			productReference = 6A72203A19349A89008F3223 /* fsserver */;
			productType = "com.apple.product-type.tool";
		};
		6A72203B19349ABE008F3223 /* fsnet */ = {
			isa = PBXNativeTarget;
			buildConfigurationList = 6A72204E19349ABE008F3223 /* Build configuration list for PBXNativeTarget "fsnet" */;
			buildPhases = (
				6A72203C19349ABE008F3223 /* Sources */,
				6A72204619349ABE008F3223 /* Frameworks */,
				6A72204D19349ABE008F3223 /* Headers */,
			);
			buildRules = (
			);
			dependencies = (
			);
			name = fsnet;
			productName = fsnet;
			productReference = 6A72205119349ABE008F3223 /* libfsnet.dylib */;
			productType = "com.apple.product-type.library.dynamic";
		};
/* End PBXNativeTarget section */

/* Begin PBXProject section */
		6AF7318B192B8C7900EAA297 /* Project object */ = {
			isa = PBXProject;
			attributes = {
				LastUpgradeCheck = 0510;
				ORGANIZATIONNAME = Vincent;
			};
			buildConfigurationList = 6AF7318E192B8C7900EAA297 /* Build configuration list for PBXProject "fsserver" */;
			compatibilityVersion = "Xcode 3.2";
			developmentRegion = English;
			hasScannedForEncodings = 0;
			knownRegions = (
				en,
			);
			mainGroup = 6AF7318A192B8C7900EAA297;
			productRefGroup = 6AF73194192B8C7900EAA297 /* Products */;
			projectDirPath = "";
			projectRoot = "";
			targets = (
				6A72202F19349A89008F3223 /* fsserver */,
				6A72203B19349ABE008F3223 /* fsnet */,
				6A0DE4E51934A772001FE8FA /* fsnet-static */,
			);
		};
/* End PBXProject section */

/* Begin PBXSourcesBuildPhase section */
		6A0DE4E21934A772001FE8FA /* Sources */ = {
			isa = PBXSourcesBuildPhase;
			buildActionMask = 2147483647;
			files = (
				6A0DE4F11934A7E6001FE8FA /* rb_define.c in Sources */,
				6A0DE4F21934A7E6001FE8FA /* rb_main.c in Sources */,
				6A0DE4EA1934A7DD001FE8FA /* fs_loop_queue.c in Sources */,
				6A0DE4EB1934A7DD001FE8FA /* fs_malloc.c in Sources */,
				6A0DE4EC1934A7DD001FE8FA /* fs_node.c in Sources */,
				6A0DE4ED1934A7DD001FE8FA /* fs_pack.c in Sources */,
				6A0DE4EE1934A7DD001FE8FA /* fs_server.c in Sources */,
				6A0DE4EF1934A7DD001FE8FA /* fs_stream.c in Sources */,
				6A0DE4F01934A7DD001FE8FA /* hash.c in Sources */,
			);
			runOnlyForDeploymentPostprocessing = 0;
		};
		6A72203219349A89008F3223 /* Sources */ = {
			isa = PBXSourcesBuildPhase;
			buildActionMask = 2147483647;
			files = (
				6A72203319349A89008F3223 /* fs_main.c in Sources */,
			);
			runOnlyForDeploymentPostprocessing = 0;
		};
		6A72203C19349ABE008F3223 /* Sources */ = {
			isa = PBXSourcesBuildPhase;
			buildActionMask = 2147483647;
			files = (
				6A72203D19349ABE008F3223 /* fs_loop_queue.c in Sources */,
				6A72203E19349ABE008F3223 /* fs_malloc.c in Sources */,
				6A72203F19349ABE008F3223 /* fs_node.c in Sources */,
				6A72204019349ABE008F3223 /* fs_pack.c in Sources */,
				6A72204119349ABE008F3223 /* fs_server.c in Sources */,
				6A72204219349ABE008F3223 /* fs_stream.c in Sources */,
				6A72204319349ABE008F3223 /* hash.c in Sources */,
				6A72204419349ABE008F3223 /* rb_define.c in Sources */,
				6A72204519349ABE008F3223 /* rb_main.c in Sources */,
			);
			runOnlyForDeploymentPostprocessing = 0;
		};
/* End PBXSourcesBuildPhase section */

/* Begin XCBuildConfiguration section */
		6A0DE4E81934A772001FE8FA /* Debug */ = {
			isa = XCBuildConfiguration;
			buildSettings = {
				ALWAYS_SEARCH_USER_PATHS = YES;
				EXECUTABLE_PREFIX = lib;
				GCC_OPTIMIZATION_LEVEL = 0;
				GCC_PREPROCESSOR_DEFINITIONS = (
					"DEBUG=1",
					"$(inherited)",
				);
				HEADER_SEARCH_PATHS = (
					"$(inherited)",
					/Applications/Xcode.app/Contents/Developer/Toolchains/XcodeDefault.xctoolchain/usr/include,
					/usr/include,
					"/usr/local/include/ruby-2.1.0",
					"/usr/local/include/ruby-2.1.0/x86_64-darwin13.0",
				);
				LIBRARY_SEARCH_PATHS = "$(PROJECT_DIR)/FSNet/libs";
				PRODUCT_NAME = "$(TARGET_NAME)";
				USER_HEADER_SEARCH_PATHS = "/usr/include /usr/local/include/ruby-2.1.0 /usr/local/include/ruby-2.1.0/x86_64-darwin13.0";
			};
			name = Debug;
		};
		6A0DE4E91934A772001FE8FA /* Release */ = {
			isa = XCBuildConfiguration;
			buildSettings = {
				ALWAYS_SEARCH_USER_PATHS = YES;
				EXECUTABLE_PREFIX = lib;
				HEADER_SEARCH_PATHS = (
					"$(inherited)",
					/Applications/Xcode.app/Contents/Developer/Toolchains/XcodeDefault.xctoolchain/usr/include,
					/usr/include,
					"/usr/local/include/ruby-2.1.0",
					"/usr/local/include/ruby-2.1.0/x86_64-darwin13.0",
				);
				LIBRARY_SEARCH_PATHS = "$(PROJECT_DIR)/FSNet/libs";
				PRODUCT_NAME = "$(TARGET_NAME)";
				USER_HEADER_SEARCH_PATHS = "/usr/include /usr/local/include/ruby-2.1.0 /usr/local/include/ruby-2.1.0/x86_64-darwin13.0";
			};
			name = Release;
		};
		6A72203819349A89008F3223 /* Debug */ = {
			isa = XCBuildConfiguration;
			buildSettings = {
				ALWAYS_SEARCH_USER_PATHS = YES;
				CLANG_CXX_LANGUAGE_STANDARD = "gnu++0x";
				CLANG_CXX_LIBRARY = "libc++";
				FRAMEWORK_SEARCH_PATHS = "";
				GCC_OPTIMIZATION_LEVEL = 0;
				HEADER_SEARCH_PATHS = (
					"$(inherited)",
					/Applications/Xcode.app/Contents/Developer/Toolchains/XcodeDefault.xctoolchain/usr/include,
					/usr/include,
					"/usr/local/include/ruby-2.1.0",
					"/usr/local/include/ruby-2.1.0/x86_64-darwin13.0",
				);
				LIBRARY_SEARCH_PATHS = "$(PROJECT_DIR)/FSNet/libs";
				OTHER_CFLAGS = (
					"-L/usr/lib",
					"-levent",
					"-levent_threads",
					"-levent_core",
					"-levent_extra",
				);
				PRODUCT_NAME = fsserver;
				USER_HEADER_SEARCH_PATHS = "/usr/include /usr/local/include/ruby-2.1.0 /usr/local/include/ruby-2.1.0/x86_64-darwin13.0";
			};
			name = Debug;
		};
		6A72203919349A89008F3223 /* Release */ = {
			isa = XCBuildConfiguration;
			buildSettings = {
				ALWAYS_SEARCH_USER_PATHS = YES;
				CLANG_CXX_LANGUAGE_STANDARD = "gnu++0x";
				CLANG_CXX_LIBRARY = "libc++";
				FRAMEWORK_SEARCH_PATHS = "";
				HEADER_SEARCH_PATHS = (
					"$(inherited)",
					/Applications/Xcode.app/Contents/Developer/Toolchains/XcodeDefault.xctoolchain/usr/include,
					/usr/include,
					"/usr/local/include/ruby-2.1.0",
					"/usr/local/include/ruby-2.1.0/x86_64-darwin13.0",
				);
				LIBRARY_SEARCH_PATHS = "$(PROJECT_DIR)/FSNet/libs";
				OTHER_CFLAGS = (
					"-L/usr/lib",
					"-levent",
					"-levent_threads",
					"-levent_core",
					"-levent_extra",
				);
				PRODUCT_NAME = fsserver;
				USER_HEADER_SEARCH_PATHS = "/usr/include /usr/local/include/ruby-2.1.0 /usr/local/include/ruby-2.1.0/x86_64-darwin13.0";
			};
			name = Release;
		};
		6A72204F19349ABE008F3223 /* Debug */ = {
			isa = XCBuildConfiguration;
			buildSettings = {
				ALWAYS_SEARCH_USER_PATHS = YES;
				EXECUTABLE_PREFIX = lib;
				GCC_PREPROCESSOR_DEFINITIONS = (
					"DEBUG=1",
					"$(inherited)",
				);
				HEADER_SEARCH_PATHS = (
					"$(inherited)",
					/Applications/Xcode.app/Contents/Developer/Toolchains/XcodeDefault.xctoolchain/usr/include,
					/usr/include,
					"/usr/local/include/ruby-2.1.0",
					"/usr/local/include/ruby-2.1.0/x86_64-darwin13.0",
					"$(PROJECT_DIR)/FSNet/fsnet/jemalloc-2.6.0/include",
				);
				LIBRARY_SEARCH_PATHS = (
					"$(inherited)",
					"$(PROJECT_DIR)/FSNet/libs",
				);
				PRODUCT_NAME = fsnet;
				USER_HEADER_SEARCH_PATHS = "/usr/include /usr/local/include/ruby-2.1.0 /usr/local/include/ruby-2.1.0/x86_64-darwin13.0";
			};
			name = Debug;
		};
		6A72205019349ABE008F3223 /* Release */ = {
			isa = XCBuildConfiguration;
			buildSettings = {
				ALWAYS_SEARCH_USER_PATHS = YES;
				EXECUTABLE_PREFIX = lib;
				HEADER_SEARCH_PATHS = (
					"$(inherited)",
					/Applications/Xcode.app/Contents/Developer/Toolchains/XcodeDefault.xctoolchain/usr/include,
					/usr/include,
					"/usr/local/include/ruby-2.1.0",
					"/usr/local/include/ruby-2.1.0/x86_64-darwin13.0",
					"$(PROJECT_DIR)/FSNet/fsnet/jemalloc-2.6.0/include",
				);
				LIBRARY_SEARCH_PATHS = (
					"$(inherited)",
					"$(PROJECT_DIR)/FSNet/libs",
				);
				PRODUCT_NAME = fsnet;
				USER_HEADER_SEARCH_PATHS = "/usr/include /usr/local/include/ruby-2.1.0 /usr/local/include/ruby-2.1.0/x86_64-darwin13.0";
			};
			name = Release;
		};
		6AF7319A192B8C7900EAA297 /* Debug */ = {
			isa = XCBuildConfiguration;
			buildSettings = {
				ALWAYS_SEARCH_USER_PATHS = NO;
				CLANG_CXX_LANGUAGE_STANDARD = "gnu++0x";
				CLANG_CXX_LIBRARY = "libc++";
				CLANG_ENABLE_MODULES = YES;
				CLANG_ENABLE_OBJC_ARC = YES;
				CLANG_WARN_BOOL_CONVERSION = YES;
				CLANG_WARN_CONSTANT_CONVERSION = YES;
				CLANG_WARN_DIRECT_OBJC_ISA_USAGE = YES_ERROR;
				CLANG_WARN_EMPTY_BODY = YES;
				CLANG_WARN_ENUM_CONVERSION = YES;
				CLANG_WARN_INT_CONVERSION = YES;
				CLANG_WARN_OBJC_ROOT_CLASS = YES_ERROR;
				CLANG_WARN__DUPLICATE_METHOD_MATCH = YES;
				COPY_PHASE_STRIP = NO;
				GCC_C_LANGUAGE_STANDARD = gnu99;
				GCC_DYNAMIC_NO_PIC = NO;
				GCC_ENABLE_OBJC_EXCEPTIONS = YES;
				GCC_OPTIMIZATION_LEVEL = 0;
				GCC_PREPROCESSOR_DEFINITIONS = (
					"DEBUG=1",
					"$(inherited)",
				);
				GCC_SYMBOLS_PRIVATE_EXTERN = NO;
				GCC_WARN_64_TO_32_BIT_CONVERSION = YES;
				GCC_WARN_ABOUT_RETURN_TYPE = YES_ERROR;
				GCC_WARN_UNDECLARED_SELECTOR = YES;
				GCC_WARN_UNINITIALIZED_AUTOS = YES_AGGRESSIVE;
				GCC_WARN_UNUSED_FUNCTION = YES;
				GCC_WARN_UNUSED_VARIABLE = YES;
				MACOSX_DEPLOYMENT_TARGET = 10.9;
				ONLY_ACTIVE_ARCH = YES;
				SDKROOT = macosx;
			};
			name = Debug;
		};
		6AF7319B192B8C7900EAA297 /* Release */ = {
			isa = XCBuildConfiguration;
			buildSettings = {
				ALWAYS_SEARCH_USER_PATHS = NO;
				CLANG_CXX_LANGUAGE_STANDARD = "gnu++0x";
				CLANG_CXX_LIBRARY = "libc++";
				CLANG_ENABLE_MODULES = YES;
				CLANG_ENABLE_OBJC_ARC = YES;
				CLANG_WARN_BOOL_CONVERSION = YES;
				CLANG_WARN_CONSTANT_CONVERSION = YES;
				CLANG_WARN_DIRECT_OBJC_ISA_USAGE = YES_ERROR;
				CLANG_WARN_EMPTY_BODY = YES;
				CLANG_WARN_ENUM_CONVERSION = YES;
				CLANG_WARN_INT_CONVERSION = YES;
				CLANG_WARN_OBJC_ROOT_CLASS = YES_ERROR;
				CLANG_WARN__DUPLICATE_METHOD_MATCH = YES;
				COPY_PHASE_STRIP = YES;
				DEBUG_INFORMATION_FORMAT = "dwarf-with-dsym";
				ENABLE_NS_ASSERTIONS = NO;
				GCC_C_LANGUAGE_STANDARD = gnu99;
				GCC_ENABLE_OBJC_EXCEPTIONS = YES;
				GCC_WARN_64_TO_32_BIT_CONVERSION = YES;
				GCC_WARN_ABOUT_RETURN_TYPE = YES_ERROR;
				GCC_WARN_UNDECLARED_SELECTOR = YES;
				GCC_WARN_UNINITIALIZED_AUTOS = YES_AGGRESSIVE;
				GCC_WARN_UNUSED_FUNCTION = YES;
				GCC_WARN_UNUSED_VARIABLE = YES;
				MACOSX_DEPLOYMENT_TARGET = 10.9;
				SDKROOT = macosx;
			};
			name = Release;
		};
/* End XCBuildConfiguration section */

/* Begin XCConfigurationList section */
		6A0DE4E71934A772001FE8FA /* Build configuration list for PBXNativeTarget "fsnet-static" */ = {
			isa = XCConfigurationList;
			buildConfigurations = (
				6A0DE4E81934A772001FE8FA /* Debug */,
				6A0DE4E91934A772001FE8FA /* Release */,
			);
			defaultConfigurationIsVisible = 0;
			defaultConfigurationName = Release;
		};
		6A72203719349A89008F3223 /* Build configuration list for PBXNativeTarget "fsserver" */ = {
			isa = XCConfigurationList;
			buildConfigurations = (
				6A72203819349A89008F3223 /* Debug */,
				6A72203919349A89008F3223 /* Release */,
			);
			defaultConfigurationIsVisible = 0;
			defaultConfigurationName = Release;
		};
		6A72204E19349ABE008F3223 /* Build configuration list for PBXNativeTarget "fsnet" */ = {
			isa = XCConfigurationList;
			buildConfigurations = (
				6A72204F19349ABE008F3223 /* Debug */,
				6A72205019349ABE008F3223 /* Release */,
			);
			defaultConfigurationIsVisible = 0;
			defaultConfigurationName = Release;
		};
		6AF7318E192B8C7900EAA297 /* Build configuration list for PBXProject "fsserver" */ = {
			isa = XCConfigurationList;
			buildConfigurations = (
				6AF7319A192B8C7900EAA297 /* Debug */,
				6AF7319B192B8C7900EAA297 /* Release */,
			);
			defaultConfigurationIsVisible = 0;
			defaultConfigurationName = Release;
		};
/* End XCConfigurationList section */
	};
	rootObject = 6AF7318B192B8C7900EAA297 /* Project object */;
}
